
Microsoft Visual Studio Solution File, Format Version 12.00
# Visual Studio Version 16
VisualStudioVersion = 16.0.32901.82
MinimumVisualStudioVersion = 10.0.40219.1
Project("{8BC9CEB8-8B4A-11D0-8D11-00A0C91BC942}") = "22_10_10_005_Batalla_Pokemon_CP5", "22_10_10_005_Batalla_Pokemon_CP5.vcxproj", "{F238885B-FAD7-4E6E-92E2-67ECB82BA0A1}"
EndProject
Global
	GlobalSection(SolutionConfigurationPlatforms) = preSolution
		Debug|x64 = Debug|x64
		Debug|x86 = Debug|x86
		Release|x64 = Release|x64
		Release|x86 = Release|x86
	EndGlobalSection
	GlobalSection(ProjectConfigurationPlatforms) = postSolution
		{F238885B-FAD7-4E6E-92E2-67ECB82BA0A1}.Debug|x64.ActiveCfg = Debug|x64
		{F238885B-FAD7-4E6E-92E2-67ECB82BA0A1}.Debug|x64.Build.0 = Debug|x64
		{F238885B-FAD7-4E6E-92E2-67ECB82BA0A1}.Debug|x86.ActiveCfg = Debug|Win32
		{F238885B-FAD7-4E6E-92E2-67ECB82BA0A1}.Debug|x86.Build.0 = Debug|Win32
		{F238885B-FAD7-4E6E-92E2-67ECB82BA0A1}.Release|x64.ActiveCfg = Release|x64
		{F238885B-FAD7-4E6E-92E2-67ECB82BA0A1}.Release|x64.Build.0 = Release|x64
		{F238885B-FAD7-4E6E-92E2-67ECB82BA0A1}.Release|x86.ActiveCfg = Release|Win32
		{F238885B-FAD7-4E6E-92E2-67ECB82BA0A1}.Release|x86.Build.0 = Release|Win32
	EndGlobalSection
	GlobalSection(SolutionProperties) = preSolution
		HideSolutionNode = FALSE
	EndGlobalSection
	GlobalSection(ExtensibilityGlobals) = postSolution
		SolutionGuid = {2518E920-DF31-4333-A18E-9D3A9D2AB9C8}
	EndGlobalSection
EndGlobal
