
Microsoft Visual Studio Solution File, Format Version 12.00
# Visual Studio Version 16
VisualStudioVersion = 16.0.32901.82
MinimumVisualStudioVersion = 10.0.40219.1
Project("{8BC9CEB8-8B4A-11D0-8D11-00A0C91BC942}") = "22_12_06_019_Historia_Narativa_CP19", "22_12_06_019_Historia_Narativa_CP19.vcxproj", "{F9FEA4D3-B8A9-42F3-A38C-BDA2999D2CEC}"
EndProject
Global
	GlobalSection(SolutionConfigurationPlatforms) = preSolution
		Debug|x64 = Debug|x64
		Debug|x86 = Debug|x86
		Release|x64 = Release|x64
		Release|x86 = Release|x86
	EndGlobalSection
	GlobalSection(ProjectConfigurationPlatforms) = postSolution
		{F9FEA4D3-B8A9-42F3-A38C-BDA2999D2CEC}.Debug|x64.ActiveCfg = Debug|x64
		{F9FEA4D3-B8A9-42F3-A38C-BDA2999D2CEC}.Debug|x64.Build.0 = Debug|x64
		{F9FEA4D3-B8A9-42F3-A38C-BDA2999D2CEC}.Debug|x86.ActiveCfg = Debug|Win32
		{F9FEA4D3-B8A9-42F3-A38C-BDA2999D2CEC}.Debug|x86.Build.0 = Debug|Win32
		{F9FEA4D3-B8A9-42F3-A38C-BDA2999D2CEC}.Release|x64.ActiveCfg = Release|x64
		{F9FEA4D3-B8A9-42F3-A38C-BDA2999D2CEC}.Release|x64.Build.0 = Release|x64
		{F9FEA4D3-B8A9-42F3-A38C-BDA2999D2CEC}.Release|x86.ActiveCfg = Release|Win32
		{F9FEA4D3-B8A9-42F3-A38C-BDA2999D2CEC}.Release|x86.Build.0 = Release|Win32
	EndGlobalSection
	GlobalSection(SolutionProperties) = preSolution
		HideSolutionNode = FALSE
	EndGlobalSection
	GlobalSection(ExtensibilityGlobals) = postSolution
		SolutionGuid = {03F085AB-B129-4F2F-A89B-080BEAFD1BCB}
	EndGlobalSection
EndGlobal
